<?xml version="1.0" encoding="utf-8"?>
<Project ToolsVersion="4.0" xmlns="http://schemas.microsoft.com/developer/msbuild/2003">
  <ItemGroup>
    <Filter Include="资源文件">
      <UniqueIdentifier>{67DA6AB6-F800-4c08-8B7A-83BB121AAD01}</UniqueIdentifier>
      <Extensions>rc;ico;cur;bmp;dlg;rc2;rct;bin;rgs;gif;jpg;jpeg;jpe;resx;tiff;tif;png;wav;mfcribbon-ms</Extensions>
    </Filter>
    <Filter Include="FileHandler">
      <UniqueIdentifier>{4e60319c-80aa-4f60-b419-259734a3e4cf}</UniqueIdentifier>
    </Filter>
    <Filter Include="KeyPoints">
      <UniqueIdentifier>{880c9b8e-31d8-4aa0-b44f-98faaadd119d}</UniqueIdentifier>
    </Filter>
    <Filter Include="ExtractAndStore">
      <UniqueIdentifier>{5e708810-170a-4163-ab71-0f3b565fc09a}</UniqueIdentifier>
    </Filter>
    <Filter Include="interfac">
      <UniqueIdentifier>{d516ae5f-64b1-4d37-969b-4316e037e6c2}</UniqueIdentifier>
    </Filter>
  </ItemGroup>
  <ItemGroup>
    <ResourceCompile Include="GraphGo.rc">
      <Filter>资源文件</Filter>
    </ResourceCompile>
  </ItemGroup>
  <ItemGroup>
    <ClCompile Include="FileHandler\parseName.cpp">
      <Filter>FileHandler</Filter>
    </ClCompile>
    <ClCompile Include="FileHandler\Reader.cpp">
      <Filter>FileHandler</Filter>
    </ClCompile>
    <ClCompile Include="FileHandler\Writer.cpp">
      <Filter>FileHandler</Filter>
    </ClCompile>
    <ClCompile Include="Extract.cpp">
      <Filter>ExtractAndStore</Filter>
    </ClCompile>
    <ClCompile Include="GetPoints.cpp">
      <Filter>ExtractAndStore</Filter>
    </ClCompile>
    <ClCompile Include="SaveStructure.cpp">
      <Filter>ExtractAndStore</Filter>
    </ClCompile>
    <ClCompile Include="Transform.cpp">
      <Filter>ExtractAndStore</Filter>
    </ClCompile>
    <ClCompile Include="ESController.cpp">
      <Filter>ExtractAndStore</Filter>
    </ClCompile>
<<<<<<< HEAD
    <ClCompile Include="..\..\interfac\interface\HomeDlg.cpp">
      <Filter>interfac</Filter>
    </ClCompile>
    <ClCompile Include="..\..\interfac\interface\interface.cpp">
      <Filter>interfac</Filter>
    </ClCompile>
    <ClCompile Include="..\..\interfac\interface\interfaceDlg.cpp">
      <Filter>interfac</Filter>
    </ClCompile>
    <ClCompile Include="..\..\interfac\interface\LoginDlg.cpp">
      <Filter>interfac</Filter>
    </ClCompile>
    <ClCompile Include="..\..\interfac\interface\RegistDlg.cpp">
      <Filter>interfac</Filter>
    </ClCompile>
    <ClCompile Include="..\..\interfac\interface\RegisterDlg.cpp">
      <Filter>interfac</Filter>
    </ClCompile>
    <ClCompile Include="..\..\interfac\interface\ResultDlg.cpp">
      <Filter>interfac</Filter>
    </ClCompile>
    <ClCompile Include="..\..\interfac\interface\stdafx.cpp">
      <Filter>interfac</Filter>
    </ClCompile>
    <ClCompile Include="..\..\interfac\interface\T.cpp">
      <Filter>interfac</Filter>
    </ClCompile>
=======
    <ClCompile Include="main.cpp" />
>>>>>>> 283bf3f06e3c06d8ab33a420a91afec3a10f20c3
  </ItemGroup>
  <ItemGroup>
    <ClInclude Include="FileHandler\FileController.h">
      <Filter>FileHandler</Filter>
    </ClInclude>
    <ClInclude Include="FileHandler\parseName.h">
      <Filter>FileHandler</Filter>
    </ClInclude>
    <ClInclude Include="FileHandler\Reader.h">
      <Filter>FileHandler</Filter>
    </ClInclude>
    <ClInclude Include="FileHandler\Writer.h">
      <Filter>FileHandler</Filter>
    </ClInclude>
    <ClInclude Include="Extract.h">
      <Filter>ExtractAndStore</Filter>
    </ClInclude>
    <ClInclude Include="GetPoints.h">
      <Filter>ExtractAndStore</Filter>
    </ClInclude>
    <ClInclude Include="SaveStructure.h">
      <Filter>ExtractAndStore</Filter>
    </ClInclude>
    <ClInclude Include="Transform.h">
      <Filter>ExtractAndStore</Filter>
    </ClInclude>
    <ClInclude Include="ESController.h">
      <Filter>ExtractAndStore</Filter>
    </ClInclude>
<<<<<<< HEAD
    <ClInclude Include="..\..\interfac\interface\HomeDlg.h">
      <Filter>interfac</Filter>
    </ClInclude>
    <ClInclude Include="..\..\interfac\interface\interface.h">
      <Filter>interfac</Filter>
    </ClInclude>
    <ClInclude Include="..\..\interfac\interface\interfaceDlg.h">
      <Filter>interfac</Filter>
    </ClInclude>
    <ClInclude Include="..\..\interfac\interface\LoginDlg.h">
      <Filter>interfac</Filter>
    </ClInclude>
    <ClInclude Include="..\..\interfac\interface\RegistDlg.h">
      <Filter>interfac</Filter>
    </ClInclude>
    <ClInclude Include="..\..\interfac\interface\RegisterDlg.h">
      <Filter>interfac</Filter>
    </ClInclude>
    <ClInclude Include="..\..\interfac\interface\resource.h">
      <Filter>interfac</Filter>
    </ClInclude>
    <ClInclude Include="..\..\interfac\interface\ResultDlg.h">
      <Filter>interfac</Filter>
    </ClInclude>
    <ClInclude Include="..\..\interfac\interface\stdafx.h">
      <Filter>interfac</Filter>
    </ClInclude>
    <ClInclude Include="..\..\interfac\interface\T.h">
      <Filter>interfac</Filter>
    </ClInclude>
    <ClInclude Include="..\..\interfac\interface\targetver.h">
      <Filter>interfac</Filter>
    </ClInclude>
  </ItemGroup>
  <ItemGroup>
    <ResourceCompile Include="GraphGo.rc">
      <Filter>资源文件</Filter>
    </ResourceCompile>
    <ResourceCompile Include="..\..\interfac\interface\interface.rc">
      <Filter>interfac</Filter>
    </ResourceCompile>
  </ItemGroup>
  <ItemGroup>
    <None Include="..\..\interfac\interface\interface.vcxproj">
      <Filter>interfac</Filter>
    </None>
    <None Include="..\..\interfac\interface\interface.vcxproj.filters">
      <Filter>interfac</Filter>
    </None>
    <None Include="..\..\interfac\interface\interface.vcxproj.user">
      <Filter>interfac</Filter>
    </None>
=======
>>>>>>> 283bf3f06e3c06d8ab33a420a91afec3a10f20c3
  </ItemGroup>
</Project>