<?xml version="1.0" encoding="utf-8"?>
<Project ToolsVersion="4.0" xmlns="http://schemas.microsoft.com/developer/msbuild/2003">
  <ItemGroup>
    <Filter Include="资源文件">
      <UniqueIdentifier>{67DA6AB6-F800-4c08-8B7A-83BB121AAD01}</UniqueIdentifier>
      <Extensions>rc;ico;cur;bmp;dlg;rc2;rct;bin;rgs;gif;jpg;jpeg;jpe;resx;tiff;tif;png;wav;mfcribbon-ms</Extensions>
    </Filter>
    <Filter Include="Drawer">
      <UniqueIdentifier>{ed9a97e9-c8dc-450f-a699-374654c124af}</UniqueIdentifier>
    </Filter>
    <Filter Include="interfac">
      <UniqueIdentifier>{d516ae5f-64b1-4d37-969b-4316e037e6c2}</UniqueIdentifier>
    </Filter>
  </ItemGroup>
  <ItemGroup>
    <ClCompile Include="..\..\Drawer\3Dline.cpp">
      <Filter>Drawer</Filter>
    </ClCompile>
    <ClCompile Include="..\..\Drawer\3DPlane.cpp">
      <Filter>Drawer</Filter>
    </ClCompile>
    <ClCompile Include="..\..\Drawer\Camera.cpp">
      <Filter>Drawer</Filter>
    </ClCompile>
    <ClCompile Include="..\..\Drawer\DrawPoint.cpp">
      <Filter>Drawer</Filter>
    </ClCompile>
    <ClCompile Include="..\..\Drawer\main.cpp">
      <Filter>Drawer</Filter>
    </ClCompile>
    <ClCompile Include="..\..\Drawer\PointCloud.cpp">
      <Filter>Drawer</Filter>
    </ClCompile>
    <ClCompile Include="..\..\interfac\interface\HomeDlg.cpp">
      <Filter>interfac</Filter>
    </ClCompile>
    <ClCompile Include="..\..\interfac\interface\interface.cpp">
      <Filter>interfac</Filter>
    </ClCompile>
    <ClCompile Include="..\..\interfac\interface\interfaceDlg.cpp">
      <Filter>interfac</Filter>
    </ClCompile>
    <ClCompile Include="..\..\interfac\interface\LoginDlg.cpp">
      <Filter>interfac</Filter>
    </ClCompile>
    <ClCompile Include="..\..\interfac\interface\RegistDlg.cpp">
      <Filter>interfac</Filter>
    </ClCompile>
    <ClCompile Include="..\..\interfac\interface\RegisterDlg.cpp">
      <Filter>interfac</Filter>
    </ClCompile>
    <ClCompile Include="..\..\interfac\interface\ResultDlg.cpp">
      <Filter>interfac</Filter>
    </ClCompile>
    <ClCompile Include="..\..\interfac\interface\stdafx.cpp">
      <Filter>interfac</Filter>
    </ClCompile>
    <ClCompile Include="..\..\interfac\interface\T.cpp">
      <Filter>interfac</Filter>
    </ClCompile>
  </ItemGroup>
  <ItemGroup>
    <ClInclude Include="..\..\Drawer\3Dline.h">
      <Filter>Drawer</Filter>
    </ClInclude>
    <ClInclude Include="..\..\Drawer\3DPlane.h">
      <Filter>Drawer</Filter>
    </ClInclude>
    <ClInclude Include="..\..\Drawer\Camera.h">
      <Filter>Drawer</Filter>
    </ClInclude>
    <ClInclude Include="..\..\Drawer\DrawPoint.h">
      <Filter>Drawer</Filter>
    </ClInclude>
    <ClInclude Include="..\..\Drawer\PointCloud.h">
      <Filter>Drawer</Filter>
    </ClInclude>
    <ClInclude Include="..\..\interfac\interface\HomeDlg.h">
      <Filter>interfac</Filter>
    </ClInclude>
    <ClInclude Include="..\..\interfac\interface\interface.h">
      <Filter>interfac</Filter>
    </ClInclude>
    <ClInclude Include="..\..\interfac\interface\interfaceDlg.h">
      <Filter>interfac</Filter>
    </ClInclude>
    <ClInclude Include="..\..\interfac\interface\LoginDlg.h">
      <Filter>interfac</Filter>
    </ClInclude>
    <ClInclude Include="..\..\interfac\interface\RegistDlg.h">
      <Filter>interfac</Filter>
    </ClInclude>
    <ClInclude Include="..\..\interfac\interface\RegisterDlg.h">
      <Filter>interfac</Filter>
    </ClInclude>
    <ClInclude Include="..\..\interfac\interface\resource.h">
      <Filter>interfac</Filter>
    </ClInclude>
    <ClInclude Include="..\..\interfac\interface\ResultDlg.h">
      <Filter>interfac</Filter>
    </ClInclude>
    <ClInclude Include="..\..\interfac\interface\stdafx.h">
      <Filter>interfac</Filter>
    </ClInclude>
    <ClInclude Include="..\..\interfac\interface\T.h">
      <Filter>interfac</Filter>
    </ClInclude>
    <ClInclude Include="..\..\interfac\interface\targetver.h">
      <Filter>interfac</Filter>
    </ClInclude>
  </ItemGroup>
  <ItemGroup>
    <ResourceCompile Include="GraphGo.rc">
      <Filter>资源文件</Filter>
    </ResourceCompile>
    <ResourceCompile Include="..\..\interfac\interface\interface.rc">
      <Filter>interfac</Filter>
    </ResourceCompile>
  </ItemGroup>
  <ItemGroup>
    <None Include="..\..\interfac\interface\interface.vcxproj">
      <Filter>interfac</Filter>
    </None>
    <None Include="..\..\interfac\interface\interface.vcxproj.filters">
      <Filter>interfac</Filter>
    </None>
    <None Include="..\..\interfac\interface\interface.vcxproj.user">
      <Filter>interfac</Filter>
    </None>
  </ItemGroup>
</Project>